{
  "originHash" : "3876e9428830769e273122a17d2efa69a6020f737fb13991a0f6165881a27e44",
  "pins" : [
    {
      "identity" : "swiftsafeui",
      "kind" : "remoteSourceControl",
      "location" : "https://github.com/BaherTamer/SwiftSafeUI.git",
      "state" : {
        "revision" : "b3440b798319a1e6e46de65b1bb5f875af817b41",
        "version" : "1.3.0"
      }
    }
  ],
  "version" : 3
}
